// !$*UTF8*$!
{
	archiveVersion = 1;
	classes = {
	};
	objectVersion = 48;
	objects = {

/* Begin PBXBuildFile section */
		FC7BE95B2054470700D36655 /* TKImagePicker.h in Headers */ = {isa = PBXBuildFile; fileRef = FC7BE9592054470700D36655 /* TKImagePicker.h */; settings = {ATTRIBUTES = (Public, ); }; };
		FC7BE9622054477B00D36655 /* TKImagePicker.storyboard in Resources */ = {isa = PBXBuildFile; fileRef = FC7BE9612054477B00D36655 /* TKImagePicker.storyboard */; };
		FC7BE967205448E100D36655 /* TKImagePicker.xcassets in Resources */ = {isa = PBXBuildFile; fileRef = FC7BE966205448E100D36655 /* TKImagePicker.xcassets */; };
		FC7BE9A32054587800D36655 /* AppDelegate.swift in Sources */ = {isa = PBXBuildFile; fileRef = FC7BE9A22054587800D36655 /* AppDelegate.swift */; };
		FC7BE9A52054587800D36655 /* ViewController.swift in Sources */ = {isa = PBXBuildFile; fileRef = FC7BE9A42054587800D36655 /* ViewController.swift */; };
		FC7BE9A82054587800D36655 /* Main.storyboard in Resources */ = {isa = PBXBuildFile; fileRef = FC7BE9A62054587800D36655 /* Main.storyboard */; };
		FC7BE9AA2054587800D36655 /* Assets.xcassets in Resources */ = {isa = PBXBuildFile; fileRef = FC7BE9A92054587800D36655 /* Assets.xcassets */; };
		FC7BE9AD2054587800D36655 /* LaunchScreen.storyboard in Resources */ = {isa = PBXBuildFile; fileRef = FC7BE9AB2054587800D36655 /* LaunchScreen.storyboard */; };
		FC7BE9B82054594E00D36655 /* TKImagePickerViewController.swift in Sources */ = {isa = PBXBuildFile; fileRef = FC7BE9B72054594E00D36655 /* TKImagePickerViewController.swift */; };
		FC7BE9B920545A6700D36655 /* TKImagePicker.framework in Frameworks */ = {isa = PBXBuildFile; fileRef = FC7BE9562054470700D36655 /* TKImagePicker.framework */; };
		FC7BE9BA20545A6700D36655 /* TKImagePicker.framework in Embed Frameworks */ = {isa = PBXBuildFile; fileRef = FC7BE9562054470700D36655 /* TKImagePicker.framework */; settings = {ATTRIBUTES = (CodeSignOnCopy, RemoveHeadersOnCopy, ); }; };
		FC7BE9C020545B3900D36655 /* TKBundle.swift in Sources */ = {isa = PBXBuildFile; fileRef = FC7BE9BF20545B3900D36655 /* TKBundle.swift */; };
		FC7BE9C220545F7200D36655 /* TKAlbum.swift in Sources */ = {isa = PBXBuildFile; fileRef = FC7BE9C120545F7200D36655 /* TKAlbum.swift */; };
		FCE9F1662055540A00C256B9 /* Extensions.swift in Sources */ = {isa = PBXBuildFile; fileRef = FCE9F1652055540A00C256B9 /* Extensions.swift */; };
		FCE9F1682055613100C256B9 /* TKAlbum.storyboard in Resources */ = {isa = PBXBuildFile; fileRef = FCE9F1672055613100C256B9 /* TKAlbum.storyboard */; };
		FCE9F16A2055614600C256B9 /* TKAlbumViewController.swift in Sources */ = {isa = PBXBuildFile; fileRef = FCE9F1692055614600C256B9 /* TKAlbumViewController.swift */; };
		FCE9F16D20556BC700C256B9 /* NotoSans-Regular.ttf in Resources */ = {isa = PBXBuildFile; fileRef = FCE9F16C20556BC700C256B9 /* NotoSans-Regular.ttf */; };
		FCE9F16F20556BD700C256B9 /* NotoSans-SemiBold.ttf in Resources */ = {isa = PBXBuildFile; fileRef = FCE9F16E20556BD700C256B9 /* NotoSans-SemiBold.ttf */; };
		FCE9F17120556BFC00C256B9 /* NotoSans-Bold.ttf in Resources */ = {isa = PBXBuildFile; fileRef = FCE9F17020556BFC00C256B9 /* NotoSans-Bold.ttf */; };
		FCE9F1772055A22900C256B9 /* SnapKit.framework in Frameworks */ = {isa = PBXBuildFile; fileRef = FC7BE9C42054600200D36655 /* SnapKit.framework */; };
		FCE9F1792055A50C00C256B9 /* SnapKit.framework in Frameworks */ = {isa = PBXBuildFile; fileRef = FC7BE9C42054600200D36655 /* SnapKit.framework */; };
		FCE9F17A2055A50C00C256B9 /* SnapKit.framework in Embed Frameworks */ = {isa = PBXBuildFile; fileRef = FC7BE9C42054600200D36655 /* SnapKit.framework */; settings = {ATTRIBUTES = (CodeSignOnCopy, RemoveHeadersOnCopy, ); }; };
		FCE9F1C82056E06F00C256B9 /* TKGridLayout.swift in Sources */ = {isa = PBXBuildFile; fileRef = FCE9F1C72056E06F00C256B9 /* TKGridLayout.swift */; };
/* End PBXBuildFile section */

/* Begin PBXContainerItemProxy section */
		FC7BE9BB20545A6700D36655 /* PBXContainerItemProxy */ = {
			isa = PBXContainerItemProxy;
			containerPortal = FC7BE94D2054470700D36655 /* Project object */;
			proxyType = 1;
			remoteGlobalIDString = FC7BE9552054470700D36655;
			remoteInfo = TKImagePicker;
		};
/* End PBXContainerItemProxy section */

/* Begin PBXCopyFilesBuildPhase section */
		FC7BE9BD20545A6700D36655 /* Embed Frameworks */ = {
			isa = PBXCopyFilesBuildPhase;
			buildActionMask = 2147483647;
			dstPath = "";
			dstSubfolderSpec = 10;
			files = (
				FC7BE9BA20545A6700D36655 /* TKImagePicker.framework in Embed Frameworks */,
				FCE9F17A2055A50C00C256B9 /* SnapKit.framework in Embed Frameworks */,
			);
			name = "Embed Frameworks";
			runOnlyForDeploymentPostprocessing = 0;
		};
/* End PBXCopyFilesBuildPhase section */

/* Begin PBXFileReference section */
		FC7BE9562054470700D36655 /* TKImagePicker.framework */ = {isa = PBXFileReference; explicitFileType = wrapper.framework; includeInIndex = 0; path = TKImagePicker.framework; sourceTree = BUILT_PRODUCTS_DIR; };
		FC7BE9592054470700D36655 /* TKImagePicker.h */ = {isa = PBXFileReference; lastKnownFileType = sourcecode.c.h; path = TKImagePicker.h; sourceTree = "<group>"; };
		FC7BE95A2054470700D36655 /* Info.plist */ = {isa = PBXFileReference; lastKnownFileType = text.plist.xml; path = Info.plist; sourceTree = "<group>"; };
		FC7BE9612054477B00D36655 /* TKImagePicker.storyboard */ = {isa = PBXFileReference; lastKnownFileType = file.storyboard; path = TKImagePicker.storyboard; sourceTree = "<group>"; };
		FC7BE966205448E100D36655 /* TKImagePicker.xcassets */ = {isa = PBXFileReference; lastKnownFileType = folder.assetcatalog; path = TKImagePicker.xcassets; sourceTree = "<group>"; };
		FC7BE9A02054587800D36655 /* TKTesterApp.app */ = {isa = PBXFileReference; explicitFileType = wrapper.application; includeInIndex = 0; path = TKTesterApp.app; sourceTree = BUILT_PRODUCTS_DIR; };
		FC7BE9A22054587800D36655 /* AppDelegate.swift */ = {isa = PBXFileReference; lastKnownFileType = sourcecode.swift; path = AppDelegate.swift; sourceTree = "<group>"; };
		FC7BE9A42054587800D36655 /* ViewController.swift */ = {isa = PBXFileReference; lastKnownFileType = sourcecode.swift; path = ViewController.swift; sourceTree = "<group>"; };
		FC7BE9A72054587800D36655 /* Base */ = {isa = PBXFileReference; lastKnownFileType = file.storyboard; name = Base; path = Base.lproj/Main.storyboard; sourceTree = "<group>"; };
		FC7BE9A92054587800D36655 /* Assets.xcassets */ = {isa = PBXFileReference; lastKnownFileType = folder.assetcatalog; path = Assets.xcassets; sourceTree = "<group>"; };
		FC7BE9AC2054587800D36655 /* Base */ = {isa = PBXFileReference; lastKnownFileType = file.storyboard; name = Base; path = Base.lproj/LaunchScreen.storyboard; sourceTree = "<group>"; };
		FC7BE9AE2054587800D36655 /* Info.plist */ = {isa = PBXFileReference; lastKnownFileType = text.plist.xml; path = Info.plist; sourceTree = "<group>"; };
		FC7BE9B72054594E00D36655 /* TKImagePickerViewController.swift */ = {isa = PBXFileReference; lastKnownFileType = sourcecode.swift; path = TKImagePickerViewController.swift; sourceTree = "<group>"; };
		FC7BE9BF20545B3900D36655 /* TKBundle.swift */ = {isa = PBXFileReference; lastKnownFileType = sourcecode.swift; path = TKBundle.swift; sourceTree = "<group>"; };
		FC7BE9C120545F7200D36655 /* TKAlbum.swift */ = {isa = PBXFileReference; lastKnownFileType = sourcecode.swift; path = TKAlbum.swift; sourceTree = "<group>"; };
		FC7BE9C42054600200D36655 /* SnapKit.framework */ = {isa = PBXFileReference; lastKnownFileType = wrapper.framework; name = SnapKit.framework; path = Carthage/Build/iOS/SnapKit.framework; sourceTree = "<group>"; };
		FCE9F1652055540A00C256B9 /* Extensions.swift */ = {isa = PBXFileReference; lastKnownFileType = sourcecode.swift; path = Extensions.swift; sourceTree = "<group>"; };
		FCE9F1672055613100C256B9 /* TKAlbum.storyboard */ = {isa = PBXFileReference; lastKnownFileType = file.storyboard; path = TKAlbum.storyboard; sourceTree = "<group>"; };
		FCE9F1692055614600C256B9 /* TKAlbumViewController.swift */ = {isa = PBXFileReference; lastKnownFileType = sourcecode.swift; path = TKAlbumViewController.swift; sourceTree = "<group>"; };
		FCE9F16C20556BC700C256B9 /* NotoSans-Regular.ttf */ = {isa = PBXFileReference; lastKnownFileType = file; path = "NotoSans-Regular.ttf"; sourceTree = "<group>"; };
		FCE9F16E20556BD700C256B9 /* NotoSans-SemiBold.ttf */ = {isa = PBXFileReference; lastKnownFileType = file; path = "NotoSans-SemiBold.ttf"; sourceTree = "<group>"; };
		FCE9F17020556BFC00C256B9 /* NotoSans-Bold.ttf */ = {isa = PBXFileReference; lastKnownFileType = file; path = "NotoSans-Bold.ttf"; sourceTree = "<group>"; };
		FCE9F1C72056E06F00C256B9 /* TKGridLayout.swift */ = {isa = PBXFileReference; lastKnownFileType = sourcecode.swift; path = TKGridLayout.swift; sourceTree = "<group>"; };
/* End PBXFileReference section */

/* Begin PBXFrameworksBuildPhase section */
		FC7BE9522054470700D36655 /* Frameworks */ = {
			isa = PBXFrameworksBuildPhase;
			buildActionMask = 2147483647;
			files = (
				FCE9F1772055A22900C256B9 /* SnapKit.framework in Frameworks */,
			);
			runOnlyForDeploymentPostprocessing = 0;
		};
		FC7BE99D2054587800D36655 /* Frameworks */ = {
			isa = PBXFrameworksBuildPhase;
			buildActionMask = 2147483647;
			files = (
				FC7BE9B920545A6700D36655 /* TKImagePicker.framework in Frameworks */,
				FCE9F1792055A50C00C256B9 /* SnapKit.framework in Frameworks */,
			);
			runOnlyForDeploymentPostprocessing = 0;
		};
/* End PBXFrameworksBuildPhase section */

/* Begin PBXGroup section */
		FC7BE94C2054470700D36655 = {
			isa = PBXGroup;
			children = (
				FC7BE9582054470700D36655 /* TKImagePicker */,
				FC7BE9A12054587800D36655 /* TKTesterApp */,
				FC7BE9572054470700D36655 /* Products */,
				FC7BE9C32054600200D36655 /* Frameworks */,
			);
			sourceTree = "<group>";
		};
		FC7BE9572054470700D36655 /* Products */ = {
			isa = PBXGroup;
			children = (
				FC7BE9562054470700D36655 /* TKImagePicker.framework */,
				FC7BE9A02054587800D36655 /* TKTesterApp.app */,
			);
			name = Products;
			sourceTree = "<group>";
		};
		FC7BE9582054470700D36655 /* TKImagePicker */ = {
			isa = PBXGroup;
			children = (
				FC7BE9BE20545B2900D36655 /* TKUtil */,
				FC7BE9652054487200D36655 /* TKResources */,
				FC7BE963205447BA00D36655 /* TKAlbum */,
				FC7BE9592054470700D36655 /* TKImagePicker.h */,
				FC7BE95A2054470700D36655 /* Info.plist */,
				FC7BE9612054477B00D36655 /* TKImagePicker.storyboard */,
				FC7BE9B72054594E00D36655 /* TKImagePickerViewController.swift */,
				FCE9F1C72056E06F00C256B9 /* TKGridLayout.swift */,
			);
			path = TKImagePicker;
			sourceTree = "<group>";
		};
		FC7BE963205447BA00D36655 /* TKAlbum */ = {
			isa = PBXGroup;
			children = (
				FCE9F1672055613100C256B9 /* TKAlbum.storyboard */,
				FC7BE9C120545F7200D36655 /* TKAlbum.swift */,
				FCE9F1692055614600C256B9 /* TKAlbumViewController.swift */,
			);
			path = TKAlbum;
			sourceTree = "<group>";
		};
		FC7BE9652054487200D36655 /* TKResources */ = {
			isa = PBXGroup;
			children = (
				FCE9F16B20556B4C00C256B9 /* Fonts */,
				FC7BE966205448E100D36655 /* TKImagePicker.xcassets */,
			);
			path = TKResources;
			sourceTree = "<group>";
		};
		FC7BE9A12054587800D36655 /* TKTesterApp */ = {
			isa = PBXGroup;
			children = (
				FC7BE9A22054587800D36655 /* AppDelegate.swift */,
				FC7BE9A42054587800D36655 /* ViewController.swift */,
				FC7BE9A62054587800D36655 /* Main.storyboard */,
				FC7BE9A92054587800D36655 /* Assets.xcassets */,
				FC7BE9AB2054587800D36655 /* LaunchScreen.storyboard */,
				FC7BE9AE2054587800D36655 /* Info.plist */,
			);
			path = TKTesterApp;
			sourceTree = "<group>";
		};
		FC7BE9BE20545B2900D36655 /* TKUtil */ = {
			isa = PBXGroup;
			children = (
				FC7BE9BF20545B3900D36655 /* TKBundle.swift */,
				FCE9F1652055540A00C256B9 /* Extensions.swift */,
			);
			path = TKUtil;
			sourceTree = "<group>";
		};
		FC7BE9C32054600200D36655 /* Frameworks */ = {
			isa = PBXGroup;
			children = (
				FC7BE9C42054600200D36655 /* SnapKit.framework */,
			);
			name = Frameworks;
			sourceTree = "<group>";
		};
		FCE9F16B20556B4C00C256B9 /* Fonts */ = {
			isa = PBXGroup;
			children = (
				FCE9F16E20556BD700C256B9 /* NotoSans-SemiBold.ttf */,
				FCE9F17020556BFC00C256B9 /* NotoSans-Bold.ttf */,
				FCE9F16C20556BC700C256B9 /* NotoSans-Regular.ttf */,
			);
			path = Fonts;
			sourceTree = "<group>";
		};
/* End PBXGroup section */

/* Begin PBXHeadersBuildPhase section */
		FC7BE9532054470700D36655 /* Headers */ = {
			isa = PBXHeadersBuildPhase;
			buildActionMask = 2147483647;
			files = (
				FC7BE95B2054470700D36655 /* TKImagePicker.h in Headers */,
			);
			runOnlyForDeploymentPostprocessing = 0;
		};
/* End PBXHeadersBuildPhase section */

/* Begin PBXNativeTarget section */
		FC7BE9552054470700D36655 /* TKImagePicker */ = {
			isa = PBXNativeTarget;
			buildConfigurationList = FC7BE95E2054470700D36655 /* Build configuration list for PBXNativeTarget "TKImagePicker" */;
			buildPhases = (
				FC7BE9512054470700D36655 /* Sources */,
				FC7BE9522054470700D36655 /* Frameworks */,
				FC7BE9532054470700D36655 /* Headers */,
				FC7BE9542054470700D36655 /* Resources */,
			);
			buildRules = (
			);
			dependencies = (
			);
			name = TKImagePicker;
			productName = TKImagePicker;
			productReference = FC7BE9562054470700D36655 /* TKImagePicker.framework */;
			productType = "com.apple.product-type.framework";
		};
		FC7BE99F2054587800D36655 /* TKTesterApp */ = {
			isa = PBXNativeTarget;
			buildConfigurationList = FC7BE9AF2054587800D36655 /* Build configuration list for PBXNativeTarget "TKTesterApp" */;
			buildPhases = (
				FC7BE99C2054587800D36655 /* Sources */,
				FC7BE99D2054587800D36655 /* Frameworks */,
				FC7BE99E2054587800D36655 /* Resources */,
				FC7BE9BD20545A6700D36655 /* Embed Frameworks */,
			);
			buildRules = (
			);
			dependencies = (
				FC7BE9BC20545A6700D36655 /* PBXTargetDependency */,
			);
			name = TKTesterApp;
			productName = TKTesterApp;
			productReference = FC7BE9A02054587800D36655 /* TKTesterApp.app */;
			productType = "com.apple.product-type.application";
		};
/* End PBXNativeTarget section */

/* Begin PBXProject section */
		FC7BE94D2054470700D36655 /* Project object */ = {
			isa = PBXProject;
			attributes = {
				LastSwiftUpdateCheck = 0920;
				LastUpgradeCheck = 0920;
				ORGANIZATIONNAME = "안덕환";
				TargetAttributes = {
					FC7BE9552054470700D36655 = {
						CreatedOnToolsVersion = 9.2;
						LastSwiftMigration = 0920;
						ProvisioningStyle = Automatic;
					};
					FC7BE99F2054587800D36655 = {
						CreatedOnToolsVersion = 9.2;
						ProvisioningStyle = Automatic;
					};
				};
			};
			buildConfigurationList = FC7BE9502054470700D36655 /* Build configuration list for PBXProject "TKImagePicker" */;
			compatibilityVersion = "Xcode 8.0";
			developmentRegion = en;
			hasScannedForEncodings = 0;
			knownRegions = (
				en,
				Base,
			);
			mainGroup = FC7BE94C2054470700D36655;
			productRefGroup = FC7BE9572054470700D36655 /* Products */;
			projectDirPath = "";
			projectRoot = "";
			targets = (
				FC7BE9552054470700D36655 /* TKImagePicker */,
				FC7BE99F2054587800D36655 /* TKTesterApp */,
			);
		};
/* End PBXProject section */

/* Begin PBXResourcesBuildPhase section */
		FC7BE9542054470700D36655 /* Resources */ = {
			isa = PBXResourcesBuildPhase;
			buildActionMask = 2147483647;
			files = (
				FCE9F17120556BFC00C256B9 /* NotoSans-Bold.ttf in Resources */,
				FCE9F16D20556BC700C256B9 /* NotoSans-Regular.ttf in Resources */,
				FCE9F16F20556BD700C256B9 /* NotoSans-SemiBold.ttf in Resources */,
				FCE9F1682055613100C256B9 /* TKAlbum.storyboard in Resources */,
				FC7BE967205448E100D36655 /* TKImagePicker.xcassets in Resources */,
				FC7BE9622054477B00D36655 /* TKImagePicker.storyboard in Resources */,
			);
			runOnlyForDeploymentPostprocessing = 0;
		};
		FC7BE99E2054587800D36655 /* Resources */ = {
			isa = PBXResourcesBuildPhase;
			buildActionMask = 2147483647;
			files = (
				FC7BE9AD2054587800D36655 /* LaunchScreen.storyboard in Resources */,
				FC7BE9AA2054587800D36655 /* Assets.xcassets in Resources */,
				FC7BE9A82054587800D36655 /* Main.storyboard in Resources */,
			);
			runOnlyForDeploymentPostprocessing = 0;
		};
/* End PBXResourcesBuildPhase section */

/* Begin PBXSourcesBuildPhase section */
		FC7BE9512054470700D36655 /* Sources */ = {
			isa = PBXSourcesBuildPhase;
			buildActionMask = 2147483647;
			files = (
				FC7BE9C020545B3900D36655 /* TKBundle.swift in Sources */,
				FC7BE9C220545F7200D36655 /* TKAlbum.swift in Sources */,
				FCE9F16A2055614600C256B9 /* TKAlbumViewController.swift in Sources */,
				FC7BE9B82054594E00D36655 /* TKImagePickerViewController.swift in Sources */,
				FCE9F1C82056E06F00C256B9 /* TKGridLayout.swift in Sources */,
				FCE9F1662055540A00C256B9 /* Extensions.swift in Sources */,
			);
			runOnlyForDeploymentPostprocessing = 0;
		};
		FC7BE99C2054587800D36655 /* Sources */ = {
			isa = PBXSourcesBuildPhase;
			buildActionMask = 2147483647;
			files = (
				FC7BE9A52054587800D36655 /* ViewController.swift in Sources */,
				FC7BE9A32054587800D36655 /* AppDelegate.swift in Sources */,
			);
			runOnlyForDeploymentPostprocessing = 0;
		};
/* End PBXSourcesBuildPhase section */

/* Begin PBXTargetDependency section */
		FC7BE9BC20545A6700D36655 /* PBXTargetDependency */ = {
			isa = PBXTargetDependency;
			target = FC7BE9552054470700D36655 /* TKImagePicker */;
			targetProxy = FC7BE9BB20545A6700D36655 /* PBXContainerItemProxy */;
		};
/* End PBXTargetDependency section */

/* Begin PBXVariantGroup section */
		FC7BE9A62054587800D36655 /* Main.storyboard */ = {
			isa = PBXVariantGroup;
			children = (
				FC7BE9A72054587800D36655 /* Base */,
			);
			name = Main.storyboard;
			sourceTree = "<group>";
		};
		FC7BE9AB2054587800D36655 /* LaunchScreen.storyboard */ = {
			isa = PBXVariantGroup;
			children = (
				FC7BE9AC2054587800D36655 /* Base */,
			);
			name = LaunchScreen.storyboard;
			sourceTree = "<group>";
		};
/* End PBXVariantGroup section */

/* Begin XCBuildConfiguration section */
		FC7BE95C2054470700D36655 /* Debug */ = {
			isa = XCBuildConfiguration;
			buildSettings = {
				ALWAYS_SEARCH_USER_PATHS = NO;
				CLANG_ANALYZER_NONNULL = YES;
				CLANG_ANALYZER_NUMBER_OBJECT_CONVERSION = YES_AGGRESSIVE;
				CLANG_CXX_LANGUAGE_STANDARD = "gnu++14";
				CLANG_CXX_LIBRARY = "libc++";
				CLANG_ENABLE_MODULES = YES;
				CLANG_ENABLE_OBJC_ARC = YES;
				CLANG_WARN_BLOCK_CAPTURE_AUTORELEASING = YES;
				CLANG_WARN_BOOL_CONVERSION = YES;
				CLANG_WARN_COMMA = YES;
				CLANG_WARN_CONSTANT_CONVERSION = YES;
				CLANG_WARN_DIRECT_OBJC_ISA_USAGE = YES_ERROR;
				CLANG_WARN_DOCUMENTATION_COMMENTS = YES;
				CLANG_WARN_EMPTY_BODY = YES;
				CLANG_WARN_ENUM_CONVERSION = YES;
				CLANG_WARN_INFINITE_RECURSION = YES;
				CLANG_WARN_INT_CONVERSION = YES;
				CLANG_WARN_NON_LITERAL_NULL_CONVERSION = YES;
				CLANG_WARN_OBJC_LITERAL_CONVERSION = YES;
				CLANG_WARN_OBJC_ROOT_CLASS = YES_ERROR;
				CLANG_WARN_RANGE_LOOP_ANALYSIS = YES;
				CLANG_WARN_STRICT_PROTOTYPES = YES;
				CLANG_WARN_SUSPICIOUS_MOVE = YES;
				CLANG_WARN_UNGUARDED_AVAILABILITY = YES_AGGRESSIVE;
				CLANG_WARN_UNREACHABLE_CODE = YES;
				CLANG_WARN__DUPLICATE_METHOD_MATCH = YES;
				CODE_SIGN_IDENTITY = "iPhone Developer";
				COPY_PHASE_STRIP = NO;
				CURRENT_PROJECT_VERSION = 1;
				DEBUG_INFORMATION_FORMAT = dwarf;
				ENABLE_STRICT_OBJC_MSGSEND = YES;
				ENABLE_TESTABILITY = YES;
				GCC_C_LANGUAGE_STANDARD = gnu11;
				GCC_DYNAMIC_NO_PIC = NO;
				GCC_NO_COMMON_BLOCKS = YES;
				GCC_OPTIMIZATION_LEVEL = 0;
				GCC_PREPROCESSOR_DEFINITIONS = (
					"DEBUG=1",
					"$(inherited)",
				);
				GCC_WARN_64_TO_32_BIT_CONVERSION = YES;
				GCC_WARN_ABOUT_RETURN_TYPE = YES_ERROR;
				GCC_WARN_UNDECLARED_SELECTOR = YES;
				GCC_WARN_UNINITIALIZED_AUTOS = YES_AGGRESSIVE;
				GCC_WARN_UNUSED_FUNCTION = YES;
				GCC_WARN_UNUSED_VARIABLE = YES;
				IPHONEOS_DEPLOYMENT_TARGET = 11.2;
				MTL_ENABLE_DEBUG_INFO = YES;
				ONLY_ACTIVE_ARCH = YES;
				SDKROOT = iphoneos;
				SWIFT_ACTIVE_COMPILATION_CONDITIONS = DEBUG;
				SWIFT_OPTIMIZATION_LEVEL = "-Onone";
				VERSIONING_SYSTEM = "apple-generic";
				VERSION_INFO_PREFIX = "";
			};
			name = Debug;
		};
		FC7BE95D2054470700D36655 /* Release */ = {
			isa = XCBuildConfiguration;
			buildSettings = {
				ALWAYS_SEARCH_USER_PATHS = NO;
				CLANG_ANALYZER_NONNULL = YES;
				CLANG_ANALYZER_NUMBER_OBJECT_CONVERSION = YES_AGGRESSIVE;
				CLANG_CXX_LANGUAGE_STANDARD = "gnu++14";
				CLANG_CXX_LIBRARY = "libc++";
				CLANG_ENABLE_MODULES = YES;
				CLANG_ENABLE_OBJC_ARC = YES;
				CLANG_WARN_BLOCK_CAPTURE_AUTORELEASING = YES;
				CLANG_WARN_BOOL_CONVERSION = YES;
				CLANG_WARN_COMMA = YES;
				CLANG_WARN_CONSTANT_CONVERSION = YES;
				CLANG_WARN_DIRECT_OBJC_ISA_USAGE = YES_ERROR;
				CLANG_WARN_DOCUMENTATION_COMMENTS = YES;
				CLANG_WARN_EMPTY_BODY = YES;
				CLANG_WARN_ENUM_CONVERSION = YES;
				CLANG_WARN_INFINITE_RECURSION = YES;
				CLANG_WARN_INT_CONVERSION = YES;
				CLANG_WARN_NON_LITERAL_NULL_CONVERSION = YES;
				CLANG_WARN_OBJC_LITERAL_CONVERSION = YES;
				CLANG_WARN_OBJC_ROOT_CLASS = YES_ERROR;
				CLANG_WARN_RANGE_LOOP_ANALYSIS = YES;
				CLANG_WARN_STRICT_PROTOTYPES = YES;
				CLANG_WARN_SUSPICIOUS_MOVE = YES;
				CLANG_WARN_UNGUARDED_AVAILABILITY = YES_AGGRESSIVE;
				CLANG_WARN_UNREACHABLE_CODE = YES;
				CLANG_WARN__DUPLICATE_METHOD_MATCH = YES;
				CODE_SIGN_IDENTITY = "iPhone Developer";
				COPY_PHASE_STRIP = NO;
				CURRENT_PROJECT_VERSION = 1;
				DEBUG_INFORMATION_FORMAT = "dwarf-with-dsym";
				ENABLE_NS_ASSERTIONS = NO;
				ENABLE_STRICT_OBJC_MSGSEND = YES;
				GCC_C_LANGUAGE_STANDARD = gnu11;
				GCC_NO_COMMON_BLOCKS = YES;
				GCC_WARN_64_TO_32_BIT_CONVERSION = YES;
				GCC_WARN_ABOUT_RETURN_TYPE = YES_ERROR;
				GCC_WARN_UNDECLARED_SELECTOR = YES;
				GCC_WARN_UNINITIALIZED_AUTOS = YES_AGGRESSIVE;
				GCC_WARN_UNUSED_FUNCTION = YES;
				GCC_WARN_UNUSED_VARIABLE = YES;
				IPHONEOS_DEPLOYMENT_TARGET = 11.2;
				MTL_ENABLE_DEBUG_INFO = NO;
				SDKROOT = iphoneos;
				SWIFT_OPTIMIZATION_LEVEL = "-Owholemodule";
				VALIDATE_PRODUCT = YES;
				VERSIONING_SYSTEM = "apple-generic";
				VERSION_INFO_PREFIX = "";
			};
			name = Release;
		};
		FC7BE95F2054470700D36655 /* Debug */ = {
			isa = XCBuildConfiguration;
			buildSettings = {
				CLANG_ENABLE_MODULES = YES;
				CODE_SIGN_IDENTITY = "";
				CODE_SIGN_STYLE = Automatic;
				DEFINES_MODULE = YES;
				DEVELOPMENT_TEAM = PZPY7DC474;
				DYLIB_COMPATIBILITY_VERSION = 1;
				DYLIB_CURRENT_VERSION = 1;
				DYLIB_INSTALL_NAME_BASE = "@rpath";
				FRAMEWORK_SEARCH_PATHS = (
					"$(inherited)",
					"$(PROJECT_DIR)/Carthage/Build/iOS",
				);
				INFOPLIST_FILE = TKImagePicker/Info.plist;
				INSTALL_PATH = "$(LOCAL_LIBRARY_DIR)/Frameworks";
				LD_RUNPATH_SEARCH_PATHS = "$(inherited) @executable_path/Frameworks @loader_path/Frameworks";
				PRODUCT_BUNDLE_IDENTIFIER = com.thekan.TKImagePicker;
				PRODUCT_NAME = "$(TARGET_NAME:c99extidentifier)";
				SKIP_INSTALL = YES;
				SWIFT_OPTIMIZATION_LEVEL = "-Onone";
				SWIFT_VERSION = 4.0;
				TARGETED_DEVICE_FAMILY = "1,2";
			};
			name = Debug;
		};
		FC7BE9602054470700D36655 /* Release */ = {
			isa = XCBuildConfiguration;
			buildSettings = {
				CLANG_ENABLE_MODULES = YES;
				CODE_SIGN_IDENTITY = "";
				CODE_SIGN_STYLE = Automatic;
				DEFINES_MODULE = YES;
				DEVELOPMENT_TEAM = PZPY7DC474;
				DYLIB_COMPATIBILITY_VERSION = 1;
				DYLIB_CURRENT_VERSION = 1;
				DYLIB_INSTALL_NAME_BASE = "@rpath";
				FRAMEWORK_SEARCH_PATHS = (
					"$(inherited)",
					"$(PROJECT_DIR)/Carthage/Build/iOS",
				);
				INFOPLIST_FILE = TKImagePicker/Info.plist;
				INSTALL_PATH = "$(LOCAL_LIBRARY_DIR)/Frameworks";
				LD_RUNPATH_SEARCH_PATHS = "$(inherited) @executable_path/Frameworks @loader_path/Frameworks";
				PRODUCT_BUNDLE_IDENTIFIER = com.thekan.TKImagePicker;
				PRODUCT_NAME = "$(TARGET_NAME:c99extidentifier)";
				SKIP_INSTALL = YES;
				SWIFT_VERSION = 4.0;
				TARGETED_DEVICE_FAMILY = "1,2";
			};
			name = Release;
		};
		FC7BE9B02054587800D36655 /* Debug */ = {
			isa = XCBuildConfiguration;
			buildSettings = {
				ALWAYS_EMBED_SWIFT_STANDARD_LIBRARIES = YES;
				ASSETCATALOG_COMPILER_APPICON_NAME = AppIcon;
				CODE_SIGN_STYLE = Automatic;
				DEVELOPMENT_TEAM = PZPY7DC474;
				FRAMEWORK_SEARCH_PATHS = (
					"$(inherited)",
					"$(PROJECT_DIR)/Carthage/Build/iOS",
				);
				INFOPLIST_FILE = TKTesterApp/Info.plist;
				LD_RUNPATH_SEARCH_PATHS = "$(inherited) @executable_path/Frameworks";
				PRODUCT_BUNDLE_IDENTIFIER = com.thekan.TKTesterApp;
				PRODUCT_NAME = "$(TARGET_NAME)";
				SWIFT_VERSION = 4.0;
				TARGETED_DEVICE_FAMILY = "1,2";
			};
			name = Debug;
		};
		FC7BE9B12054587800D36655 /* Release */ = {
			isa = XCBuildConfiguration;
			buildSettings = {
				ALWAYS_EMBED_SWIFT_STANDARD_LIBRARIES = YES;
				ASSETCATALOG_COMPILER_APPICON_NAME = AppIcon;
				CODE_SIGN_STYLE = Automatic;
				DEVELOPMENT_TEAM = PZPY7DC474;
				FRAMEWORK_SEARCH_PATHS = (
					"$(inherited)",
					"$(PROJECT_DIR)/Carthage/Build/iOS",
				);
				INFOPLIST_FILE = TKTesterApp/Info.plist;
				LD_RUNPATH_SEARCH_PATHS = "$(inherited) @executable_path/Frameworks";
				PRODUCT_BUNDLE_IDENTIFIER = com.thekan.TKTesterApp;
				PRODUCT_NAME = "$(TARGET_NAME)";
				SWIFT_VERSION = 4.0;
				TARGETED_DEVICE_FAMILY = "1,2";
			};
			name = Release;
		};
/* End XCBuildConfiguration section */

/* Begin XCConfigurationList section */
		FC7BE9502054470700D36655 /* Build configuration list for PBXProject "TKImagePicker" */ = {
			isa = XCConfigurationList;
			buildConfigurations = (
				FC7BE95C2054470700D36655 /* Debug */,
				FC7BE95D2054470700D36655 /* Release */,
			);
			defaultConfigurationIsVisible = 0;
			defaultConfigurationName = Release;
		};
		FC7BE95E2054470700D36655 /* Build configuration list for PBXNativeTarget "TKImagePicker" */ = {
			isa = XCConfigurationList;
			buildConfigurations = (
				FC7BE95F2054470700D36655 /* Debug */,
				FC7BE9602054470700D36655 /* Release */,
			);
			defaultConfigurationIsVisible = 0;
			defaultConfigurationName = Release;
		};
		FC7BE9AF2054587800D36655 /* Build configuration list for PBXNativeTarget "TKTesterApp" */ = {
			isa = XCConfigurationList;
			buildConfigurations = (
				FC7BE9B02054587800D36655 /* Debug */,
				FC7BE9B12054587800D36655 /* Release */,
			);
			defaultConfigurationIsVisible = 0;
			defaultConfigurationName = Release;
		};
/* End XCConfigurationList section */
	};
	rootObject = FC7BE94D2054470700D36655 /* Project object */;
}
